// !$*UTF8*$!
{
	archiveVersion = 1;
	classes = {
	};
	objectVersion = 56;
	objects = {

/* Begin PBXBuildFile section */
		80417BC02D8F47E50086B127 /* InitialViewController.swift in Sources */ = {isa = PBXBuildFile; fileRef = 80417BBF2D8F47E50086B127 /* InitialViewController.swift */; };
		80417BC52D8F48FC0086B127 /* StandardButton.swift in Sources */ = {isa = PBXBuildFile; fileRef = 80417BC42D8F48FC0086B127 /* StandardButton.swift */; };
		80417BC82D8F491E0086B127 /* LabelExtensions.swift in Sources */ = {isa = PBXBuildFile; fileRef = 80417BC72D8F491E0086B127 /* LabelExtensions.swift */; };
		80417BCA2D8F492A0086B127 /* StackViewExtensions.swift in Sources */ = {isa = PBXBuildFile; fileRef = 80417BC92D8F492A0086B127 /* StackViewExtensions.swift */; };
		80417BCD2D8F49A40086B127 /* NavigationService.swift in Sources */ = {isa = PBXBuildFile; fileRef = 80417BCC2D8F49A40086B127 /* NavigationService.swift */; };
		80417BCF2D8F49EA0086B127 /* BattleViewController.swift in Sources */ = {isa = PBXBuildFile; fileRef = 80417BCE2D8F49EA0086B127 /* BattleViewController.swift */; };
		80417BD12D8F55FA0086B127 /* ViewExtensions.swift in Sources */ = {isa = PBXBuildFile; fileRef = 80417BD02D8F55FA0086B127 /* ViewExtensions.swift */; };
		80417BD32D8F5AB50086B127 /* GunSelectorViewController.swift in Sources */ = {isa = PBXBuildFile; fileRef = 80417BD22D8F5AB50086B127 /* GunSelectorViewController.swift */; };
		80417BD62D8F5AD60086B127 /* Guns.swift in Sources */ = {isa = PBXBuildFile; fileRef = 80417BD52D8F5AD60086B127 /* Guns.swift */; };
		80417BDA2D8F5B1C0086B127 /* GunsTableView.swift in Sources */ = {isa = PBXBuildFile; fileRef = 80417BD92D8F5B1C0086B127 /* GunsTableView.swift */; };
		80417BDC2D8F5B2D0086B127 /* GunTableViewCell.swift in Sources */ = {isa = PBXBuildFile; fileRef = 80417BDB2D8F5B2D0086B127 /* GunTableViewCell.swift */; };
		80417BDE2D8F5BB40086B127 /* GunsService.swift in Sources */ = {isa = PBXBuildFile; fileRef = 80417BDD2D8F5BB40086B127 /* GunsService.swift */; };
		8076502E2D8F45D10067437E /* AppDelegate.swift in Sources */ = {isa = PBXBuildFile; fileRef = 8076502D2D8F45D10067437E /* AppDelegate.swift */; };
		807650302D8F45D10067437E /* SceneDelegate.swift in Sources */ = {isa = PBXBuildFile; fileRef = 8076502F2D8F45D10067437E /* SceneDelegate.swift */; };
		807650372D8F45D20067437E /* Assets.xcassets in Resources */ = {isa = PBXBuildFile; fileRef = 807650362D8F45D20067437E /* Assets.xcassets */; };
		8076503A2D8F45D20067437E /* Base in Resources */ = {isa = PBXBuildFile; fileRef = 807650392D8F45D20067437E /* Base */; };
		807650452D8F45D20067437E /* BattleRoyaleTests.swift in Sources */ = {isa = PBXBuildFile; fileRef = 807650442D8F45D20067437E /* BattleRoyaleTests.swift */; };
		8076504F2D8F45D20067437E /* BattleRoyaleUITests.swift in Sources */ = {isa = PBXBuildFile; fileRef = 8076504E2D8F45D20067437E /* BattleRoyaleUITests.swift */; };
		807650512D8F45D20067437E /* BattleRoyaleUITestsLaunchTests.swift in Sources */ = {isa = PBXBuildFile; fileRef = 807650502D8F45D20067437E /* BattleRoyaleUITestsLaunchTests.swift */; };
/* End PBXBuildFile section */

/* Begin PBXContainerItemProxy section */
		807650412D8F45D20067437E /* PBXContainerItemProxy */ = {
			isa = PBXContainerItemProxy;
			containerPortal = 807650222D8F45D10067437E /* Project object */;
			proxyType = 1;
			remoteGlobalIDString = 807650292D8F45D10067437E;
			remoteInfo = BattleRoyale;
		};
		8076504B2D8F45D20067437E /* PBXContainerItemProxy */ = {
			isa = PBXContainerItemProxy;
			containerPortal = 807650222D8F45D10067437E /* Project object */;
			proxyType = 1;
			remoteGlobalIDString = 807650292D8F45D10067437E;
			remoteInfo = BattleRoyale;
		};
/* End PBXContainerItemProxy section */

/* Begin PBXFileReference section */
		80417BBF2D8F47E50086B127 /* InitialViewController.swift */ = {isa = PBXFileReference; lastKnownFileType = sourcecode.swift; path = InitialViewController.swift; sourceTree = "<group>"; };
		80417BC42D8F48FC0086B127 /* StandardButton.swift */ = {isa = PBXFileReference; lastKnownFileType = sourcecode.swift; path = StandardButton.swift; sourceTree = "<group>"; };
		80417BC72D8F491E0086B127 /* LabelExtensions.swift */ = {isa = PBXFileReference; lastKnownFileType = sourcecode.swift; path = LabelExtensions.swift; sourceTree = "<group>"; };
		80417BC92D8F492A0086B127 /* StackViewExtensions.swift */ = {isa = PBXFileReference; lastKnownFileType = sourcecode.swift; path = StackViewExtensions.swift; sourceTree = "<group>"; };
		80417BCC2D8F49A40086B127 /* NavigationService.swift */ = {isa = PBXFileReference; lastKnownFileType = sourcecode.swift; path = NavigationService.swift; sourceTree = "<group>"; };
		80417BCE2D8F49EA0086B127 /* BattleViewController.swift */ = {isa = PBXFileReference; lastKnownFileType = sourcecode.swift; path = BattleViewController.swift; sourceTree = "<group>"; };
		80417BD02D8F55FA0086B127 /* ViewExtensions.swift */ = {isa = PBXFileReference; lastKnownFileType = sourcecode.swift; path = ViewExtensions.swift; sourceTree = "<group>"; };
		80417BD22D8F5AB50086B127 /* GunSelectorViewController.swift */ = {isa = PBXFileReference; lastKnownFileType = sourcecode.swift; path = GunSelectorViewController.swift; sourceTree = "<group>"; };
		80417BD52D8F5AD60086B127 /* Guns.swift */ = {isa = PBXFileReference; lastKnownFileType = sourcecode.swift; path = Guns.swift; sourceTree = "<group>"; };
		80417BD92D8F5B1C0086B127 /* GunsTableView.swift */ = {isa = PBXFileReference; lastKnownFileType = sourcecode.swift; path = GunsTableView.swift; sourceTree = "<group>"; };
		80417BDB2D8F5B2D0086B127 /* GunTableViewCell.swift */ = {isa = PBXFileReference; lastKnownFileType = sourcecode.swift; path = GunTableViewCell.swift; sourceTree = "<group>"; };
		80417BDD2D8F5BB40086B127 /* GunsService.swift */ = {isa = PBXFileReference; lastKnownFileType = sourcecode.swift; path = GunsService.swift; sourceTree = "<group>"; };
		8076502A2D8F45D10067437E /* BattleRoyale.app */ = {isa = PBXFileReference; explicitFileType = wrapper.application; includeInIndex = 0; path = BattleRoyale.app; sourceTree = BUILT_PRODUCTS_DIR; };
		8076502D2D8F45D10067437E /* AppDelegate.swift */ = {isa = PBXFileReference; lastKnownFileType = sourcecode.swift; path = AppDelegate.swift; sourceTree = "<group>"; };
		8076502F2D8F45D10067437E /* SceneDelegate.swift */ = {isa = PBXFileReference; lastKnownFileType = sourcecode.swift; path = SceneDelegate.swift; sourceTree = "<group>"; };
		807650362D8F45D20067437E /* Assets.xcassets */ = {isa = PBXFileReference; lastKnownFileType = folder.assetcatalog; path = Assets.xcassets; sourceTree = "<group>"; };
		807650392D8F45D20067437E /* Base */ = {isa = PBXFileReference; lastKnownFileType = file.storyboard; name = Base; path = Base.lproj/LaunchScreen.storyboard; sourceTree = "<group>"; };
		8076503B2D8F45D20067437E /* Info.plist */ = {isa = PBXFileReference; lastKnownFileType = text.plist.xml; path = Info.plist; sourceTree = "<group>"; };
		807650402D8F45D20067437E /* BattleRoyaleTests.xctest */ = {isa = PBXFileReference; explicitFileType = wrapper.cfbundle; includeInIndex = 0; path = BattleRoyaleTests.xctest; sourceTree = BUILT_PRODUCTS_DIR; };
		807650442D8F45D20067437E /* BattleRoyaleTests.swift */ = {isa = PBXFileReference; lastKnownFileType = sourcecode.swift; path = BattleRoyaleTests.swift; sourceTree = "<group>"; };
		8076504A2D8F45D20067437E /* BattleRoyaleUITests.xctest */ = {isa = PBXFileReference; explicitFileType = wrapper.cfbundle; includeInIndex = 0; path = BattleRoyaleUITests.xctest; sourceTree = BUILT_PRODUCTS_DIR; };
		8076504E2D8F45D20067437E /* BattleRoyaleUITests.swift */ = {isa = PBXFileReference; lastKnownFileType = sourcecode.swift; path = BattleRoyaleUITests.swift; sourceTree = "<group>"; };
		807650502D8F45D20067437E /* BattleRoyaleUITestsLaunchTests.swift */ = {isa = PBXFileReference; lastKnownFileType = sourcecode.swift; path = BattleRoyaleUITestsLaunchTests.swift; sourceTree = "<group>"; };
/* End PBXFileReference section */

/* Begin PBXFrameworksBuildPhase section */
		807650272D8F45D10067437E /* Frameworks */ = {
			isa = PBXFrameworksBuildPhase;
			buildActionMask = 2147483647;
			files = (
			);
			runOnlyForDeploymentPostprocessing = 0;
		};
		8076503D2D8F45D20067437E /* Frameworks */ = {
			isa = PBXFrameworksBuildPhase;
			buildActionMask = 2147483647;
			files = (
			);
			runOnlyForDeploymentPostprocessing = 0;
		};
		807650472D8F45D20067437E /* Frameworks */ = {
			isa = PBXFrameworksBuildPhase;
			buildActionMask = 2147483647;
			files = (
			);
			runOnlyForDeploymentPostprocessing = 0;
		};
/* End PBXFrameworksBuildPhase section */

/* Begin PBXGroup section */
		80417BBD2D8F47270086B127 /* Core */ = {
			isa = PBXGroup;
			children = (
				8076502D2D8F45D10067437E /* AppDelegate.swift */,
				8076502F2D8F45D10067437E /* SceneDelegate.swift */,
			);
			path = Core;
			sourceTree = "<group>";
		};
		80417BBE2D8F47770086B127 /* ViewControllers */ = {
			isa = PBXGroup;
			children = (
				80417BBF2D8F47E50086B127 /* InitialViewController.swift */,
				80417BCE2D8F49EA0086B127 /* BattleViewController.swift */,
				80417BD22D8F5AB50086B127 /* GunSelectorViewController.swift */,
			);
			path = ViewControllers;
			sourceTree = "<group>";
		};
		80417BC12D8F48650086B127 /* Resources */ = {
			isa = PBXGroup;
			children = (
				807650362D8F45D20067437E /* Assets.xcassets */,
				807650382D8F45D20067437E /* LaunchScreen.storyboard */,
			);
			path = Resources;
			sourceTree = "<group>";
		};
		80417BC22D8F48D40086B127 /* UIComponents */ = {
			isa = PBXGroup;
			children = (
				80417BC62D8F49140086B127 /* Extensions */,
				80417BC32D8F48DF0086B127 /* Buttons */,
				80417BD72D8F5B0D0086B127 /* TableViews */,
				80417BD82D8F5B130086B127 /* TableViewCells */,
			);
			path = UIComponents;
			sourceTree = "<group>";
		};
		80417BC32D8F48DF0086B127 /* Buttons */ = {
			isa = PBXGroup;
			children = (
				80417BC42D8F48FC0086B127 /* StandardButton.swift */,
			);
			path = Buttons;
			sourceTree = "<group>";
		};
		80417BC62D8F49140086B127 /* Extensions */ = {
			isa = PBXGroup;
			children = (
				80417BC72D8F491E0086B127 /* LabelExtensions.swift */,
				80417BC92D8F492A0086B127 /* StackViewExtensions.swift */,
				80417BD02D8F55FA0086B127 /* ViewExtensions.swift */,
			);
			path = Extensions;
			sourceTree = "<group>";
		};
		80417BCB2D8F499C0086B127 /* Services */ = {
			isa = PBXGroup;
			children = (
				80417BCC2D8F49A40086B127 /* NavigationService.swift */,
				80417BDD2D8F5BB40086B127 /* GunsService.swift */,
			);
			path = Services;
			sourceTree = "<group>";
		};
		80417BD42D8F5ACA0086B127 /* Models */ = {
			isa = PBXGroup;
			children = (
				80417BD52D8F5AD60086B127 /* Guns.swift */,
			);
			path = Models;
			sourceTree = "<group>";
		};
		80417BD72D8F5B0D0086B127 /* TableViews */ = {
			isa = PBXGroup;
			children = (
				80417BD92D8F5B1C0086B127 /* GunsTableView.swift */,
			);
			path = TableViews;
			sourceTree = "<group>";
		};
		80417BD82D8F5B130086B127 /* TableViewCells */ = {
			isa = PBXGroup;
			children = (
				80417BDB2D8F5B2D0086B127 /* GunTableViewCell.swift */,
			);
			path = TableViewCells;
			sourceTree = "<group>";
		};
		807650212D8F45D10067437E = {
			isa = PBXGroup;
			children = (
				8076502C2D8F45D10067437E /* BattleRoyale */,
				807650432D8F45D20067437E /* BattleRoyaleTests */,
				8076504D2D8F45D20067437E /* BattleRoyaleUITests */,
				8076502B2D8F45D10067437E /* Products */,
			);
			sourceTree = "<group>";
		};
		8076502B2D8F45D10067437E /* Products */ = {
			isa = PBXGroup;
			children = (
				8076502A2D8F45D10067437E /* BattleRoyale.app */,
				807650402D8F45D20067437E /* BattleRoyaleTests.xctest */,
				8076504A2D8F45D20067437E /* BattleRoyaleUITests.xctest */,
			);
			name = Products;
			sourceTree = "<group>";
		};
		8076502C2D8F45D10067437E /* BattleRoyale */ = {
			isa = PBXGroup;
			children = (
				8076503B2D8F45D20067437E /* Info.plist */,
				80417BBD2D8F47270086B127 /* Core */,
				80417BC12D8F48650086B127 /* Resources */,
				80417BCB2D8F499C0086B127 /* Services */,
				80417BD42D8F5ACA0086B127 /* Models */,
				80417BBE2D8F47770086B127 /* ViewControllers */,
				80417BC22D8F48D40086B127 /* UIComponents */,
			);
			path = BattleRoyale;
			sourceTree = "<group>";
		};
		807650432D8F45D20067437E /* BattleRoyaleTests */ = {
			isa = PBXGroup;
			children = (
				807650442D8F45D20067437E /* BattleRoyaleTests.swift */,
			);
			path = BattleRoyaleTests;
			sourceTree = "<group>";
		};
		8076504D2D8F45D20067437E /* BattleRoyaleUITests */ = {
			isa = PBXGroup;
			children = (
				8076504E2D8F45D20067437E /* BattleRoyaleUITests.swift */,
				807650502D8F45D20067437E /* BattleRoyaleUITestsLaunchTests.swift */,
			);
			path = BattleRoyaleUITests;
			sourceTree = "<group>";
		};
/* End PBXGroup section */

/* Begin PBXNativeTarget section */
		807650292D8F45D10067437E /* BattleRoyale */ = {
			isa = PBXNativeTarget;
			buildConfigurationList = 807650542D8F45D20067437E /* Build configuration list for PBXNativeTarget "BattleRoyale" */;
			buildPhases = (
				807650262D8F45D10067437E /* Sources */,
				807650272D8F45D10067437E /* Frameworks */,
				807650282D8F45D10067437E /* Resources */,
			);
			buildRules = (
			);
			dependencies = (
			);
			name = BattleRoyale;
			productName = BattleRoyale;
			productReference = 8076502A2D8F45D10067437E /* BattleRoyale.app */;
			productType = "com.apple.product-type.application";
		};
		8076503F2D8F45D20067437E /* BattleRoyaleTests */ = {
			isa = PBXNativeTarget;
			buildConfigurationList = 807650572D8F45D20067437E /* Build configuration list for PBXNativeTarget "BattleRoyaleTests" */;
			buildPhases = (
				8076503C2D8F45D20067437E /* Sources */,
				8076503D2D8F45D20067437E /* Frameworks */,
				8076503E2D8F45D20067437E /* Resources */,
			);
			buildRules = (
			);
			dependencies = (
				807650422D8F45D20067437E /* PBXTargetDependency */,
			);
			name = BattleRoyaleTests;
			productName = BattleRoyaleTests;
			productReference = 807650402D8F45D20067437E /* BattleRoyaleTests.xctest */;
			productType = "com.apple.product-type.bundle.unit-test";
		};
		807650492D8F45D20067437E /* BattleRoyaleUITests */ = {
			isa = PBXNativeTarget;
			buildConfigurationList = 8076505A2D8F45D20067437E /* Build configuration list for PBXNativeTarget "BattleRoyaleUITests" */;
			buildPhases = (
				807650462D8F45D20067437E /* Sources */,
				807650472D8F45D20067437E /* Frameworks */,
				807650482D8F45D20067437E /* Resources */,
			);
			buildRules = (
			);
			dependencies = (
				8076504C2D8F45D20067437E /* PBXTargetDependency */,
			);
			name = BattleRoyaleUITests;
			productName = BattleRoyaleUITests;
			productReference = 8076504A2D8F45D20067437E /* BattleRoyaleUITests.xctest */;
			productType = "com.apple.product-type.bundle.ui-testing";
		};
/* End PBXNativeTarget section */

/* Begin PBXProject section */
		807650222D8F45D10067437E /* Project object */ = {
			isa = PBXProject;
			attributes = {
				BuildIndependentTargetsInParallel = 1;
				LastSwiftUpdateCheck = 1530;
				LastUpgradeCheck = 1530;
				TargetAttributes = {
					807650292D8F45D10067437E = {
						CreatedOnToolsVersion = 15.3;
					};
					8076503F2D8F45D20067437E = {
						CreatedOnToolsVersion = 15.3;
						TestTargetID = 807650292D8F45D10067437E;
					};
					807650492D8F45D20067437E = {
						CreatedOnToolsVersion = 15.3;
						TestTargetID = 807650292D8F45D10067437E;
					};
				};
			};
			buildConfigurationList = 807650252D8F45D10067437E /* Build configuration list for PBXProject "BattleRoyale" */;
			compatibilityVersion = "Xcode 14.0";
			developmentRegion = en;
			hasScannedForEncodings = 0;
			knownRegions = (
				en,
				Base,
			);
			mainGroup = 807650212D8F45D10067437E;
			productRefGroup = 8076502B2D8F45D10067437E /* Products */;
			projectDirPath = "";
			projectRoot = "";
			targets = (
				807650292D8F45D10067437E /* BattleRoyale */,
				8076503F2D8F45D20067437E /* BattleRoyaleTests */,
				807650492D8F45D20067437E /* BattleRoyaleUITests */,
			);
		};
/* End PBXProject section */

/* Begin PBXResourcesBuildPhase section */
		807650282D8F45D10067437E /* Resources */ = {
			isa = PBXResourcesBuildPhase;
			buildActionMask = 2147483647;
			files = (
				807650372D8F45D20067437E /* Assets.xcassets in Resources */,
				8076503A2D8F45D20067437E /* Base in Resources */,
			);
			runOnlyForDeploymentPostprocessing = 0;
		};
		8076503E2D8F45D20067437E /* Resources */ = {
			isa = PBXResourcesBuildPhase;
			buildActionMask = 2147483647;
			files = (
			);
			runOnlyForDeploymentPostprocessing = 0;
		};
		807650482D8F45D20067437E /* Resources */ = {
			isa = PBXResourcesBuildPhase;
			buildActionMask = 2147483647;
			files = (
			);
			runOnlyForDeploymentPostprocessing = 0;
		};
/* End PBXResourcesBuildPhase section */

/* Begin PBXSourcesBuildPhase section */
		807650262D8F45D10067437E /* Sources */ = {
			isa = PBXSourcesBuildPhase;
			buildActionMask = 2147483647;
			files = (
				80417BDE2D8F5BB40086B127 /* GunsService.swift in Sources */,
				80417BCF2D8F49EA0086B127 /* BattleViewController.swift in Sources */,
				80417BC52D8F48FC0086B127 /* StandardButton.swift in Sources */,
				80417BCA2D8F492A0086B127 /* StackViewExtensions.swift in Sources */,
				80417BC82D8F491E0086B127 /* LabelExtensions.swift in Sources */,
				80417BD32D8F5AB50086B127 /* GunSelectorViewController.swift in Sources */,
				80417BDC2D8F5B2D0086B127 /* GunTableViewCell.swift in Sources */,
				80417BD12D8F55FA0086B127 /* ViewExtensions.swift in Sources */,
				80417BC02D8F47E50086B127 /* InitialViewController.swift in Sources */,
				80417BDA2D8F5B1C0086B127 /* GunsTableView.swift in Sources */,
				80417BD62D8F5AD60086B127 /* Guns.swift in Sources */,
				8076502E2D8F45D10067437E /* AppDelegate.swift in Sources */,
				807650302D8F45D10067437E /* SceneDelegate.swift in Sources */,
				80417BCD2D8F49A40086B127 /* NavigationService.swift in Sources */,
			);
			runOnlyForDeploymentPostprocessing = 0;
		};
		8076503C2D8F45D20067437E /* Sources */ = {
			isa = PBXSourcesBuildPhase;
			buildActionMask = 2147483647;
			files = (
				807650452D8F45D20067437E /* BattleRoyaleTests.swift in Sources */,
			);
			runOnlyForDeploymentPostprocessing = 0;
		};
		807650462D8F45D20067437E /* Sources */ = {
			isa = PBXSourcesBuildPhase;
			buildActionMask = 2147483647;
			files = (
				807650512D8F45D20067437E /* BattleRoyaleUITestsLaunchTests.swift in Sources */,
				8076504F2D8F45D20067437E /* BattleRoyaleUITests.swift in Sources */,
			);
			runOnlyForDeploymentPostprocessing = 0;
		};
/* End PBXSourcesBuildPhase section */

/* Begin PBXTargetDependency section */
		807650422D8F45D20067437E /* PBXTargetDependency */ = {
			isa = PBXTargetDependency;
			target = 807650292D8F45D10067437E /* BattleRoyale */;
			targetProxy = 807650412D8F45D20067437E /* PBXContainerItemProxy */;
		};
		8076504C2D8F45D20067437E /* PBXTargetDependency */ = {
			isa = PBXTargetDependency;
			target = 807650292D8F45D10067437E /* BattleRoyale */;
			targetProxy = 8076504B2D8F45D20067437E /* PBXContainerItemProxy */;
		};
/* End PBXTargetDependency section */

/* Begin PBXVariantGroup section */
		807650382D8F45D20067437E /* LaunchScreen.storyboard */ = {
			isa = PBXVariantGroup;
			children = (
				807650392D8F45D20067437E /* Base */,
			);
			name = LaunchScreen.storyboard;
			sourceTree = "<group>";
		};
/* End PBXVariantGroup section */

/* Begin XCBuildConfiguration section */
		807650522D8F45D20067437E /* Debug */ = {
			isa = XCBuildConfiguration;
			buildSettings = {
				ALWAYS_SEARCH_USER_PATHS = NO;
				ASSETCATALOG_COMPILER_GENERATE_SWIFT_ASSET_SYMBOL_EXTENSIONS = YES;
				CLANG_ANALYZER_NONNULL = YES;
				CLANG_ANALYZER_NUMBER_OBJECT_CONVERSION = YES_AGGRESSIVE;
				CLANG_CXX_LANGUAGE_STANDARD = "gnu++20";
				CLANG_ENABLE_MODULES = YES;
				CLANG_ENABLE_OBJC_ARC = YES;
				CLANG_ENABLE_OBJC_WEAK = YES;
				CLANG_WARN_BLOCK_CAPTURE_AUTORELEASING = YES;
				CLANG_WARN_BOOL_CONVERSION = YES;
				CLANG_WARN_COMMA = YES;
				CLANG_WARN_CONSTANT_CONVERSION = YES;
				CLANG_WARN_DEPRECATED_OBJC_IMPLEMENTATIONS = YES;
				CLANG_WARN_DIRECT_OBJC_ISA_USAGE = YES_ERROR;
				CLANG_WARN_DOCUMENTATION_COMMENTS = YES;
				CLANG_WARN_EMPTY_BODY = YES;
				CLANG_WARN_ENUM_CONVERSION = YES;
				CLANG_WARN_INFINITE_RECURSION = YES;
				CLANG_WARN_INT_CONVERSION = YES;
				CLANG_WARN_NON_LITERAL_NULL_CONVERSION = YES;
				CLANG_WARN_OBJC_IMPLICIT_RETAIN_SELF = YES;
				CLANG_WARN_OBJC_LITERAL_CONVERSION = YES;
				CLANG_WARN_OBJC_ROOT_CLASS = YES_ERROR;
				CLANG_WARN_QUOTED_INCLUDE_IN_FRAMEWORK_HEADER = YES;
				CLANG_WARN_RANGE_LOOP_ANALYSIS = YES;
				CLANG_WARN_STRICT_PROTOTYPES = YES;
				CLANG_WARN_SUSPICIOUS_MOVE = YES;
				CLANG_WARN_UNGUARDED_AVAILABILITY = YES_AGGRESSIVE;
				CLANG_WARN_UNREACHABLE_CODE = YES;
				CLANG_WARN__DUPLICATE_METHOD_MATCH = YES;
				COPY_PHASE_STRIP = NO;
				DEBUG_INFORMATION_FORMAT = dwarf;
				ENABLE_STRICT_OBJC_MSGSEND = YES;
				ENABLE_TESTABILITY = YES;
				ENABLE_USER_SCRIPT_SANDBOXING = YES;
				GCC_C_LANGUAGE_STANDARD = gnu17;
				GCC_DYNAMIC_NO_PIC = NO;
				GCC_NO_COMMON_BLOCKS = YES;
				GCC_OPTIMIZATION_LEVEL = 0;
				GCC_PREPROCESSOR_DEFINITIONS = (
					"DEBUG=1",
					"$(inherited)",
				);
				GCC_WARN_64_TO_32_BIT_CONVERSION = YES;
				GCC_WARN_ABOUT_RETURN_TYPE = YES_ERROR;
				GCC_WARN_UNDECLARED_SELECTOR = YES;
				GCC_WARN_UNINITIALIZED_AUTOS = YES_AGGRESSIVE;
				GCC_WARN_UNUSED_FUNCTION = YES;
				GCC_WARN_UNUSED_VARIABLE = YES;
				IPHONEOS_DEPLOYMENT_TARGET = 17.4;
				LOCALIZATION_PREFERS_STRING_CATALOGS = YES;
				MTL_ENABLE_DEBUG_INFO = INCLUDE_SOURCE;
				MTL_FAST_MATH = YES;
				ONLY_ACTIVE_ARCH = YES;
				SDKROOT = iphoneos;
				SWIFT_ACTIVE_COMPILATION_CONDITIONS = "DEBUG $(inherited)";
				SWIFT_OPTIMIZATION_LEVEL = "-Onone";
			};
			name = Debug;
		};
		807650532D8F45D20067437E /* Release */ = {
			isa = XCBuildConfiguration;
			buildSettings = {
				ALWAYS_SEARCH_USER_PATHS = NO;
				ASSETCATALOG_COMPILER_GENERATE_SWIFT_ASSET_SYMBOL_EXTENSIONS = YES;
				CLANG_ANALYZER_NONNULL = YES;
				CLANG_ANALYZER_NUMBER_OBJECT_CONVERSION = YES_AGGRESSIVE;
				CLANG_CXX_LANGUAGE_STANDARD = "gnu++20";
				CLANG_ENABLE_MODULES = YES;
				CLANG_ENABLE_OBJC_ARC = YES;
				CLANG_ENABLE_OBJC_WEAK = YES;
				CLANG_WARN_BLOCK_CAPTURE_AUTORELEASING = YES;
				CLANG_WARN_BOOL_CONVERSION = YES;
				CLANG_WARN_COMMA = YES;
				CLANG_WARN_CONSTANT_CONVERSION = YES;
				CLANG_WARN_DEPRECATED_OBJC_IMPLEMENTATIONS = YES;
				CLANG_WARN_DIRECT_OBJC_ISA_USAGE = YES_ERROR;
				CLANG_WARN_DOCUMENTATION_COMMENTS = YES;
				CLANG_WARN_EMPTY_BODY = YES;
				CLANG_WARN_ENUM_CONVERSION = YES;
				CLANG_WARN_INFINITE_RECURSION = YES;
				CLANG_WARN_INT_CONVERSION = YES;
				CLANG_WARN_NON_LITERAL_NULL_CONVERSION = YES;
				CLANG_WARN_OBJC_IMPLICIT_RETAIN_SELF = YES;
				CLANG_WARN_OBJC_LITERAL_CONVERSION = YES;
				CLANG_WARN_OBJC_ROOT_CLASS = YES_ERROR;
				CLANG_WARN_QUOTED_INCLUDE_IN_FRAMEWORK_HEADER = YES;
				CLANG_WARN_RANGE_LOOP_ANALYSIS = YES;
				CLANG_WARN_STRICT_PROTOTYPES = YES;
				CLANG_WARN_SUSPICIOUS_MOVE = YES;
				CLANG_WARN_UNGUARDED_AVAILABILITY = YES_AGGRESSIVE;
				CLANG_WARN_UNREACHABLE_CODE = YES;
				CLANG_WARN__DUPLICATE_METHOD_MATCH = YES;
				COPY_PHASE_STRIP = NO;
				DEBUG_INFORMATION_FORMAT = "dwarf-with-dsym";
				ENABLE_NS_ASSERTIONS = NO;
				ENABLE_STRICT_OBJC_MSGSEND = YES;
				ENABLE_USER_SCRIPT_SANDBOXING = YES;
				GCC_C_LANGUAGE_STANDARD = gnu17;
				GCC_NO_COMMON_BLOCKS = YES;
				GCC_WARN_64_TO_32_BIT_CONVERSION = YES;
				GCC_WARN_ABOUT_RETURN_TYPE = YES_ERROR;
				GCC_WARN_UNDECLARED_SELECTOR = YES;
				GCC_WARN_UNINITIALIZED_AUTOS = YES_AGGRESSIVE;
				GCC_WARN_UNUSED_FUNCTION = YES;
				GCC_WARN_UNUSED_VARIABLE = YES;
				IPHONEOS_DEPLOYMENT_TARGET = 17.4;
				LOCALIZATION_PREFERS_STRING_CATALOGS = YES;
				MTL_ENABLE_DEBUG_INFO = NO;
				MTL_FAST_MATH = YES;
				SDKROOT = iphoneos;
				SWIFT_COMPILATION_MODE = wholemodule;
				VALIDATE_PRODUCT = YES;
			};
			name = Release;
		};
		807650552D8F45D20067437E /* Debug */ = {
			isa = XCBuildConfiguration;
			buildSettings = {
				ASSETCATALOG_COMPILER_APPICON_NAME = AppIcon;
				ASSETCATALOG_COMPILER_GLOBAL_ACCENT_COLOR_NAME = AccentColor;
				CODE_SIGN_STYLE = Automatic;
				CURRENT_PROJECT_VERSION = 1;
				DEVELOPMENT_TEAM = 9C9CYF9VQA;
				GENERATE_INFOPLIST_FILE = YES;
				INFOPLIST_FILE = BattleRoyale/Info.plist;
				INFOPLIST_KEY_NSCameraUsageDescription = "This app uses the camera to display a live feed for the battle interface.";
				INFOPLIST_KEY_UIApplicationSupportsIndirectInputEvents = YES;
				INFOPLIST_KEY_UILaunchStoryboardName = LaunchScreen;
				INFOPLIST_KEY_UIMainStoryboardFile = Main;
				INFOPLIST_KEY_UISupportedInterfaceOrientations = "UIInterfaceOrientationLandscapeLeft UIInterfaceOrientationLandscapeRight";
				INFOPLIST_KEY_UISupportedInterfaceOrientations_iPad = "UIInterfaceOrientationLandscapeLeft UIInterfaceOrientationLandscapeRight UIInterfaceOrientationPortrait UIInterfaceOrientationPortraitUpsideDown";
				LD_RUNPATH_SEARCH_PATHS = (
					"$(inherited)",
					"@executable_path/Frameworks",
				);
				MARKETING_VERSION = 1.0;
				PRODUCT_BUNDLE_IDENTIFIER = "-21health.BattleRoyale";
				PRODUCT_NAME = "$(TARGET_NAME)";
				SUPPORTED_PLATFORMS = "iphoneos iphonesimulator";
				SUPPORTS_MACCATALYST = NO;
				SUPPORTS_MAC_DESIGNED_FOR_IPHONE_IPAD = NO;
				SUPPORTS_XR_DESIGNED_FOR_IPHONE_IPAD = NO;
				SWIFT_EMIT_LOC_STRINGS = YES;
				SWIFT_VERSION = 5.0;
				TARGETED_DEVICE_FAMILY = 1;
			};
			name = Debug;
		};
		807650562D8F45D20067437E /* Release */ = {
			isa = XCBuildConfiguration;
			buildSettings = {
				ASSETCATALOG_COMPILER_APPICON_NAME = AppIcon;
				ASSETCATALOG_COMPILER_GLOBAL_ACCENT_COLOR_NAME = AccentColor;
				CODE_SIGN_STYLE = Automatic;
				CURRENT_PROJECT_VERSION = 1;
				DEVELOPMENT_TEAM = 9C9CYF9VQA;
				GENERATE_INFOPLIST_FILE = YES;
				INFOPLIST_FILE = BattleRoyale/Info.plist;
				INFOPLIST_KEY_NSCameraUsageDescription = "This app uses the camera to display a live feed for the battle interface.";
				INFOPLIST_KEY_UIApplicationSupportsIndirectInputEvents = YES;
				INFOPLIST_KEY_UILaunchStoryboardName = LaunchScreen;
				INFOPLIST_KEY_UIMainStoryboardFile = Main;
				INFOPLIST_KEY_UISupportedInterfaceOrientations = "UIInterfaceOrientationLandscapeLeft UIInterfaceOrientationLandscapeRight";
				INFOPLIST_KEY_UISupportedInterfaceOrientations_iPad = "UIInterfaceOrientationLandscapeLeft UIInterfaceOrientationLandscapeRight UIInterfaceOrientationPortrait UIInterfaceOrientationPortraitUpsideDown";
				LD_RUNPATH_SEARCH_PATHS = (
					"$(inherited)",
					"@executable_path/Frameworks",
				);
				MARKETING_VERSION = 1.0;
				PRODUCT_BUNDLE_IDENTIFIER = "-21health.BattleRoyale";
				PRODUCT_NAME = "$(TARGET_NAME)";
				SUPPORTED_PLATFORMS = "iphoneos iphonesimulator";
				SUPPORTS_MACCATALYST = NO;
				SUPPORTS_MAC_DESIGNED_FOR_IPHONE_IPAD = NO;
				SUPPORTS_XR_DESIGNED_FOR_IPHONE_IPAD = NO;
				SWIFT_EMIT_LOC_STRINGS = YES;
				SWIFT_VERSION = 5.0;
				TARGETED_DEVICE_FAMILY = 1;
			};
			name = Release;
		};
		807650582D8F45D20067437E /* Debug */ = {
			isa = XCBuildConfiguration;
			buildSettings = {
				ALWAYS_EMBED_SWIFT_STANDARD_LIBRARIES = YES;
				BUNDLE_LOADER = "$(TEST_HOST)";
				CODE_SIGN_STYLE = Automatic;
				CURRENT_PROJECT_VERSION = 1;
				DEVELOPMENT_TEAM = 56PW2NS3XS;
				GENERATE_INFOPLIST_FILE = YES;
				IPHONEOS_DEPLOYMENT_TARGET = 17.4;
				MARKETING_VERSION = 1.0;
				PRODUCT_BUNDLE_IDENTIFIER = "-21health.BattleRoyaleTests";
				PRODUCT_NAME = "$(TARGET_NAME)";
				SWIFT_EMIT_LOC_STRINGS = NO;
				SWIFT_VERSION = 5.0;
				TARGETED_DEVICE_FAMILY = "1,2";
				TEST_HOST = "$(BUILT_PRODUCTS_DIR)/BattleRoyale.app/$(BUNDLE_EXECUTABLE_FOLDER_PATH)/BattleRoyale";
			};
			name = Debug;
		};
		807650592D8F45D20067437E /* Release */ = {
			isa = XCBuildConfiguration;
			buildSettings = {
				ALWAYS_EMBED_SWIFT_STANDARD_LIBRARIES = YES;
				BUNDLE_LOADER = "$(TEST_HOST)";
				CODE_SIGN_STYLE = Automatic;
				CURRENT_PROJECT_VERSION = 1;
				DEVELOPMENT_TEAM = 56PW2NS3XS;
				GENERATE_INFOPLIST_FILE = YES;
				IPHONEOS_DEPLOYMENT_TARGET = 17.4;
				MARKETING_VERSION = 1.0;
				PRODUCT_BUNDLE_IDENTIFIER = "-21health.BattleRoyaleTests";
				PRODUCT_NAME = "$(TARGET_NAME)";
				SWIFT_EMIT_LOC_STRINGS = NO;
				SWIFT_VERSION = 5.0;
				TARGETED_DEVICE_FAMILY = "1,2";
				TEST_HOST = "$(BUILT_PRODUCTS_DIR)/BattleRoyale.app/$(BUNDLE_EXECUTABLE_FOLDER_PATH)/BattleRoyale";
			};
			name = Release;
		};
		8076505B2D8F45D20067437E /* Debug */ = {
			isa = XCBuildConfiguration;
			buildSettings = {
				ALWAYS_EMBED_SWIFT_STANDARD_LIBRARIES = YES;
				CODE_SIGN_STYLE = Automatic;
				CURRENT_PROJECT_VERSION = 1;
				DEVELOPMENT_TEAM = 56PW2NS3XS;
				GENERATE_INFOPLIST_FILE = YES;
				MARKETING_VERSION = 1.0;
				PRODUCT_BUNDLE_IDENTIFIER = "-21health.BattleRoyaleUITests";
				PRODUCT_NAME = "$(TARGET_NAME)";
				SWIFT_EMIT_LOC_STRINGS = NO;
				SWIFT_VERSION = 5.0;
				TARGETED_DEVICE_FAMILY = "1,2";
				TEST_TARGET_NAME = BattleRoyale;
			};
			name = Debug;
		};
		8076505C2D8F45D20067437E /* Release */ = {
			isa = XCBuildConfiguration;
			buildSettings = {
				ALWAYS_EMBED_SWIFT_STANDARD_LIBRARIES = YES;
				CODE_SIGN_STYLE = Automatic;
				CURRENT_PROJECT_VERSION = 1;
				DEVELOPMENT_TEAM = 56PW2NS3XS;
				GENERATE_INFOPLIST_FILE = YES;
				MARKETING_VERSION = 1.0;
				PRODUCT_BUNDLE_IDENTIFIER = "-21health.BattleRoyaleUITests";
				PRODUCT_NAME = "$(TARGET_NAME)";
				SWIFT_EMIT_LOC_STRINGS = NO;
				SWIFT_VERSION = 5.0;
				TARGETED_DEVICE_FAMILY = "1,2";
				TEST_TARGET_NAME = BattleRoyale;
			};
			name = Release;
		};
/* End XCBuildConfiguration section */

/* Begin XCConfigurationList section */
		807650252D8F45D10067437E /* Build configuration list for PBXProject "BattleRoyale" */ = {
			isa = XCConfigurationList;
			buildConfigurations = (
				807650522D8F45D20067437E /* Debug */,
				807650532D8F45D20067437E /* Release */,
			);
			defaultConfigurationIsVisible = 0;
			defaultConfigurationName = Release;
		};
		807650542D8F45D20067437E /* Build configuration list for PBXNativeTarget "BattleRoyale" */ = {
			isa = XCConfigurationList;
			buildConfigurations = (
				807650552D8F45D20067437E /* Debug */,
				807650562D8F45D20067437E /* Release */,
			);
			defaultConfigurationIsVisible = 0;
			defaultConfigurationName = Release;
		};
		807650572D8F45D20067437E /* Build configuration list for PBXNativeTarget "BattleRoyaleTests" */ = {
			isa = XCConfigurationList;
			buildConfigurations = (
				807650582D8F45D20067437E /* Debug */,
				807650592D8F45D20067437E /* Release */,
			);
			defaultConfigurationIsVisible = 0;
			defaultConfigurationName = Release;
		};
		8076505A2D8F45D20067437E /* Build configuration list for PBXNativeTarget "BattleRoyaleUITests" */ = {
			isa = XCConfigurationList;
			buildConfigurations = (
				8076505B2D8F45D20067437E /* Debug */,
				8076505C2D8F45D20067437E /* Release */,
			);
			defaultConfigurationIsVisible = 0;
			defaultConfigurationName = Release;
		};
/* End XCConfigurationList section */
	};
	rootObject = 807650222D8F45D10067437E /* Project object */;
}
